
Microsoft Visual Studio Solution File, Format Version 12.00
# Visual Studio Version 17
VisualStudioVersion = 17.5.33424.131
MinimumVisualStudioVersion = 10.0.40219.1
Project("{9A19103F-16F7-4668-BE54-9A1E7A4F7556}") = "itlathApp.DAL", "itlathApp.DAL\itlathApp.DAL.csproj", "{007B88D2-215E-41D3-9EC3-BDAD4257CF15}"
EndProject
Project("{9A19103F-16F7-4668-BE54-9A1E7A4F7556}") = "itlathApp.BL", "itlathApp.BL\itlathApp.BL.csproj", "{C05973D9-D00F-407E-8B06-244913479BA0}"
EndProject
Project("{9A19103F-16F7-4668-BE54-9A1E7A4F7556}") = "itlathApp.SL", "itlathApp.SL\itlathApp.SL.csproj", "{E40F7EF9-35D4-4FE3-BE6F-7A3E9602D6B4}"
EndProject
Project("{FAE04EC0-301F-11D3-BF4B-00C04F79EFBC}") = "itlathApp.Api", "itlathApp.Api\itlathApp.Api.csproj", "{2E89CF6D-63DA-42CB-BAD8-9DD5E48CAEF3}"
EndProject
Project("{FAE04EC0-301F-11D3-BF4B-00C04F79EFBC}") = "itlathApp.Web", "itlathApp.Web\itlathApp.Web.csproj", "{7AA80E12-FF5B-4CA4-8318-F7E01BBA8ECD}"
EndProject
Global
	GlobalSection(SolutionConfigurationPlatforms) = preSolution
		Debug|Any CPU = Debug|Any CPU
		Release|Any CPU = Release|Any CPU
	EndGlobalSection
	GlobalSection(ProjectConfigurationPlatforms) = postSolution
		{007B88D2-215E-41D3-9EC3-BDAD4257CF15}.Debug|Any CPU.ActiveCfg = Debug|Any CPU
		{007B88D2-215E-41D3-9EC3-BDAD4257CF15}.Debug|Any CPU.Build.0 = Debug|Any CPU
		{007B88D2-215E-41D3-9EC3-BDAD4257CF15}.Release|Any CPU.ActiveCfg = Release|Any CPU
		{007B88D2-215E-41D3-9EC3-BDAD4257CF15}.Release|Any CPU.Build.0 = Release|Any CPU
		{C05973D9-D00F-407E-8B06-244913479BA0}.Debug|Any CPU.ActiveCfg = Debug|Any CPU
		{C05973D9-D00F-407E-8B06-244913479BA0}.Debug|Any CPU.Build.0 = Debug|Any CPU
		{C05973D9-D00F-407E-8B06-244913479BA0}.Release|Any CPU.ActiveCfg = Release|Any CPU
		{C05973D9-D00F-407E-8B06-244913479BA0}.Release|Any CPU.Build.0 = Release|Any CPU
		{E40F7EF9-35D4-4FE3-BE6F-7A3E9602D6B4}.Debug|Any CPU.ActiveCfg = Debug|Any CPU
		{E40F7EF9-35D4-4FE3-BE6F-7A3E9602D6B4}.Debug|Any CPU.Build.0 = Debug|Any CPU
		{E40F7EF9-35D4-4FE3-BE6F-7A3E9602D6B4}.Release|Any CPU.ActiveCfg = Release|Any CPU
		{E40F7EF9-35D4-4FE3-BE6F-7A3E9602D6B4}.Release|Any CPU.Build.0 = Release|Any CPU
		{2E89CF6D-63DA-42CB-BAD8-9DD5E48CAEF3}.Debug|Any CPU.ActiveCfg = Debug|Any CPU
		{2E89CF6D-63DA-42CB-BAD8-9DD5E48CAEF3}.Debug|Any CPU.Build.0 = Debug|Any CPU
		{2E89CF6D-63DA-42CB-BAD8-9DD5E48CAEF3}.Release|Any CPU.ActiveCfg = Release|Any CPU
		{2E89CF6D-63DA-42CB-BAD8-9DD5E48CAEF3}.Release|Any CPU.Build.0 = Release|Any CPU
		{7AA80E12-FF5B-4CA4-8318-F7E01BBA8ECD}.Debug|Any CPU.ActiveCfg = Debug|Any CPU
		{7AA80E12-FF5B-4CA4-8318-F7E01BBA8ECD}.Debug|Any CPU.Build.0 = Debug|Any CPU
		{7AA80E12-FF5B-4CA4-8318-F7E01BBA8ECD}.Release|Any CPU.ActiveCfg = Release|Any CPU
		{7AA80E12-FF5B-4CA4-8318-F7E01BBA8ECD}.Release|Any CPU.Build.0 = Release|Any CPU
	EndGlobalSection
	GlobalSection(SolutionProperties) = preSolution
		HideSolutionNode = FALSE
	EndGlobalSection
	GlobalSection(ExtensibilityGlobals) = postSolution
		SolutionGuid = {7EF65029-DC9D-4B1E-86B5-19B6F49CD9EA}
	EndGlobalSection
EndGlobal
