
Microsoft Visual Studio Solution File, Format Version 12.00
# Visual Studio Version 17
VisualStudioVersion = 17.5.33424.131
MinimumVisualStudioVersion = 10.0.40219.1
Project("{9A19103F-16F7-4668-BE54-9A1E7A4F7556}") = "itlathApp.DAL", "itlathApp.DAL\itlathApp.DAL.csproj", "{007B88D2-215E-41D3-9EC3-BDAD4257CF15}"
EndProject
Project("{9A19103F-16F7-4668-BE54-9A1E7A4F7556}") = "itlathApp.BL", "itlathApp.BL\itlathApp.BL.csproj", "{C05973D9-D00F-407E-8B06-244913479BA0}"
EndProject
Project("{9A19103F-16F7-4668-BE54-9A1E7A4F7556}") = "itlathApp.SL", "itlathApp.SL\itlathApp.SL.csproj", "{E40F7EF9-35D4-4FE3-BE6F-7A3E9602D6B4}"
EndProject
Project("{9A19103F-16F7-4668-BE54-9A1E7A4F7556}") = "itlathApp.Api", "itlathApp.Api\itlathApp.Api.csproj", "{2E89CF6D-63DA-42CB-BAD8-9DD5E48CAEF3}"
EndProject
Project("{9A19103F-16F7-4668-BE54-9A1E7A4F7556}") = "itlathApp.Web", "itlathApp.Web\itlathApp.Web.csproj", "{7AA80E12-FF5B-4CA4-8318-F7E01BBA8ECD}"
EndProject
Project("{2150E333-8FDC-42A3-9474-1A3956D46DE8}") = "DAL", "DAL", "{EF35E18C-6862-46D4-A4A0-041E0AEED965}"
EndProject
Project("{2150E333-8FDC-42A3-9474-1A3956D46DE8}") = "BL", "BL", "{9073CA18-817C-4A60-9F22-CA2F16E35F5F}"
EndProject
Project("{2150E333-8FDC-42A3-9474-1A3956D46DE8}") = "SL", "SL", "{C1341EFD-E6A1-4AC7-B883-A9BB00677B2C}"
EndProject
Project("{2150E333-8FDC-42A3-9474-1A3956D46DE8}") = "PRES", "PRES", "{CEA1D419-70F6-4C06-82CD-9916ECC9E086}"
EndProject
Project("{2150E333-8FDC-42A3-9474-1A3956D46DE8}") = "TEST", "TEST", "{A5A9DCDB-01EB-458E-BED2-F9145545FBD1}"
EndProject
Project("{2150E333-8FDC-42A3-9474-1A3956D46DE8}") = "API", "API", "{16924166-AC6B-4165-8EF8-3EB96DCA8B41}"
EndProject
Project("{9A19103F-16F7-4668-BE54-9A1E7A4F7556}") = "itlathApp.Test", "itlathApp.Test\itlathApp.Test.csproj", "{AE307135-7017-4C69-A2C2-6017B96FCFFE}"
EndProject
Project("{2150E333-8FDC-42A3-9474-1A3956D46DE8}") = "Solution Items", "Solution Items", "{ECE95C90-B919-45B8-A9C9-083286BC8FC1}"
	ProjectSection(SolutionItems) = preProject
		.editorconfig = .editorconfig
	EndProjectSection
EndProject
Global
	GlobalSection(SolutionConfigurationPlatforms) = preSolution
		Debug|Any CPU = Debug|Any CPU
		Release|Any CPU = Release|Any CPU
	EndGlobalSection
	GlobalSection(ProjectConfigurationPlatforms) = postSolution
		{007B88D2-215E-41D3-9EC3-BDAD4257CF15}.Debug|Any CPU.ActiveCfg = Debug|Any CPU
		{007B88D2-215E-41D3-9EC3-BDAD4257CF15}.Debug|Any CPU.Build.0 = Debug|Any CPU
		{007B88D2-215E-41D3-9EC3-BDAD4257CF15}.Release|Any CPU.ActiveCfg = Release|Any CPU
		{007B88D2-215E-41D3-9EC3-BDAD4257CF15}.Release|Any CPU.Build.0 = Release|Any CPU
		{C05973D9-D00F-407E-8B06-244913479BA0}.Debug|Any CPU.ActiveCfg = Debug|Any CPU
		{C05973D9-D00F-407E-8B06-244913479BA0}.Debug|Any CPU.Build.0 = Debug|Any CPU
		{C05973D9-D00F-407E-8B06-244913479BA0}.Release|Any CPU.ActiveCfg = Release|Any CPU
		{C05973D9-D00F-407E-8B06-244913479BA0}.Release|Any CPU.Build.0 = Release|Any CPU
		{E40F7EF9-35D4-4FE3-BE6F-7A3E9602D6B4}.Debug|Any CPU.ActiveCfg = Debug|Any CPU
		{E40F7EF9-35D4-4FE3-BE6F-7A3E9602D6B4}.Debug|Any CPU.Build.0 = Debug|Any CPU
		{E40F7EF9-35D4-4FE3-BE6F-7A3E9602D6B4}.Release|Any CPU.ActiveCfg = Release|Any CPU
		{E40F7EF9-35D4-4FE3-BE6F-7A3E9602D6B4}.Release|Any CPU.Build.0 = Release|Any CPU
		{2E89CF6D-63DA-42CB-BAD8-9DD5E48CAEF3}.Debug|Any CPU.ActiveCfg = Debug|Any CPU
		{2E89CF6D-63DA-42CB-BAD8-9DD5E48CAEF3}.Debug|Any CPU.Build.0 = Debug|Any CPU
		{2E89CF6D-63DA-42CB-BAD8-9DD5E48CAEF3}.Release|Any CPU.ActiveCfg = Release|Any CPU
		{2E89CF6D-63DA-42CB-BAD8-9DD5E48CAEF3}.Release|Any CPU.Build.0 = Release|Any CPU
		{7AA80E12-FF5B-4CA4-8318-F7E01BBA8ECD}.Debug|Any CPU.ActiveCfg = Debug|Any CPU
		{7AA80E12-FF5B-4CA4-8318-F7E01BBA8ECD}.Debug|Any CPU.Build.0 = Debug|Any CPU
		{7AA80E12-FF5B-4CA4-8318-F7E01BBA8ECD}.Release|Any CPU.ActiveCfg = Release|Any CPU
		{7AA80E12-FF5B-4CA4-8318-F7E01BBA8ECD}.Release|Any CPU.Build.0 = Release|Any CPU
		{AE307135-7017-4C69-A2C2-6017B96FCFFE}.Debug|Any CPU.ActiveCfg = Debug|Any CPU
		{AE307135-7017-4C69-A2C2-6017B96FCFFE}.Debug|Any CPU.Build.0 = Debug|Any CPU
		{AE307135-7017-4C69-A2C2-6017B96FCFFE}.Release|Any CPU.ActiveCfg = Release|Any CPU
		{AE307135-7017-4C69-A2C2-6017B96FCFFE}.Release|Any CPU.Build.0 = Release|Any CPU
	EndGlobalSection
	GlobalSection(SolutionProperties) = preSolution
		HideSolutionNode = FALSE
	EndGlobalSection
	GlobalSection(NestedProjects) = preSolution
		{007B88D2-215E-41D3-9EC3-BDAD4257CF15} = {EF35E18C-6862-46D4-A4A0-041E0AEED965}
		{C05973D9-D00F-407E-8B06-244913479BA0} = {9073CA18-817C-4A60-9F22-CA2F16E35F5F}
		{E40F7EF9-35D4-4FE3-BE6F-7A3E9602D6B4} = {C1341EFD-E6A1-4AC7-B883-A9BB00677B2C}
		{2E89CF6D-63DA-42CB-BAD8-9DD5E48CAEF3} = {16924166-AC6B-4165-8EF8-3EB96DCA8B41}
		{7AA80E12-FF5B-4CA4-8318-F7E01BBA8ECD} = {CEA1D419-70F6-4C06-82CD-9916ECC9E086}
		{AE307135-7017-4C69-A2C2-6017B96FCFFE} = {A5A9DCDB-01EB-458E-BED2-F9145545FBD1}
	EndGlobalSection
	GlobalSection(ExtensibilityGlobals) = postSolution
		SolutionGuid = {7EF65029-DC9D-4B1E-86B5-19B6F49CD9EA}
	EndGlobalSection
EndGlobal
